
Microsoft Visual Studio Solution File, Format Version 12.00
# Visual Studio Version 16
VisualStudioVersion = 16.0.30717.126
MinimumVisualStudioVersion = 10.0.40219.1
Project("{FAE04EC0-301F-11D3-BF4B-00C04F79EFBC}") = "TelegramBotLibrary", "TelegramBotLibrary\TelegramBotLibrary.csproj", "{BBDA044E-19D0-44E5-B976-3A45888A7A1E}"
EndProject
Project("{FAE04EC0-301F-11D3-BF4B-00C04F79EFBC}") = "TelegramBotConsole", "TelegramBotConsole\TelegramBotConsole.csproj", "{55A185E0-7394-4E7A-880C-E6AA74C306DE}"
EndProject
Global
	GlobalSection(SolutionConfigurationPlatforms) = preSolution
		Debug|Any CPU = Debug|Any CPU
		Release|Any CPU = Release|Any CPU
	EndGlobalSection
	GlobalSection(ProjectConfigurationPlatforms) = postSolution
		{BBDA044E-19D0-44E5-B976-3A45888A7A1E}.Debug|Any CPU.ActiveCfg = Debug|Any CPU
		{BBDA044E-19D0-44E5-B976-3A45888A7A1E}.Debug|Any CPU.Build.0 = Debug|Any CPU
		{BBDA044E-19D0-44E5-B976-3A45888A7A1E}.Release|Any CPU.ActiveCfg = Release|Any CPU
		{BBDA044E-19D0-44E5-B976-3A45888A7A1E}.Release|Any CPU.Build.0 = Release|Any CPU
		{55A185E0-7394-4E7A-880C-E6AA74C306DE}.Debug|Any CPU.ActiveCfg = Debug|Any CPU
		{55A185E0-7394-4E7A-880C-E6AA74C306DE}.Debug|Any CPU.Build.0 = Debug|Any CPU
		{55A185E0-7394-4E7A-880C-E6AA74C306DE}.Release|Any CPU.ActiveCfg = Release|Any CPU
		{55A185E0-7394-4E7A-880C-E6AA74C306DE}.Release|Any CPU.Build.0 = Release|Any CPU
	EndGlobalSection
	GlobalSection(SolutionProperties) = preSolution
		HideSolutionNode = FALSE
	EndGlobalSection
	GlobalSection(ExtensibilityGlobals) = postSolution
		SolutionGuid = {FC95DA94-846F-44FB-9AEC-B07A8199E3A8}
	EndGlobalSection
EndGlobal
